<?xml version="1.0" encoding="utf-8"?>
<Project ToolsVersion="4.0" xmlns="http://schemas.microsoft.com/developer/msbuild/2003">
  <ItemGroup>
    <Filter Include="Source Files">
      <UniqueIdentifier>{4FC737F1-C7A5-4376-A066-2A32D752A2FF}</UniqueIdentifier>
      <Extensions>qml;cpp;c;cc;cxx;def;odl;idl;hpj;bat;asm;asmx</Extensions>
    </Filter>
    <Filter Include="Header Files">
      <UniqueIdentifier>{93995380-89BD-4b04-88EB-625FBE52EBFB}</UniqueIdentifier>
      <Extensions>h;hh;hpp;hxx;hm;inl;inc;xsd</Extensions>
    </Filter>
    <Filter Include="Resource Files">
      <UniqueIdentifier>{67DA6AB6-F800-4c08-8B7A-83BB121AAD01}</UniqueIdentifier>
      <Extensions>qrc;rc;ico;cur;bmp;dlg;rc2;rct;bin;rgs;gif;jpg;jpeg;jpe;resx;tiff;tif;png;wav;mfcribbon-ms</Extensions>
    </Filter>
    <Filter Include="Translation Files">
      <UniqueIdentifier>{639EADAA-A684-42e4-A9AD-28FC9BCB8F7C}</UniqueIdentifier>
      <Extensions>ts</Extensions>
    </Filter>
    <Filter Include="Header Files\Data Structures">
      <UniqueIdentifier>{d52721a5-e288-4dbe-b564-1434897ab3d6}</UniqueIdentifier>
    </Filter>
    <Filter Include="Header Files\Forms">
      <UniqueIdentifier>{8f19967b-477d-4a36-b824-2a6b04c20cbf}</UniqueIdentifier>
    </Filter>
    <Filter Include="Source Files\Forms">
      <UniqueIdentifier>{11d3c997-2126-4f40-bd56-a72b5b0fcb84}</UniqueIdentifier>
    </Filter>
    <Filter Include="Resource Files\Icons">
      <UniqueIdentifier>{7aff3063-d827-4f0e-8195-91f049f61925}</UniqueIdentifier>
    </Filter>
    <Filter Include="Resource Files\Input/Output">
      <UniqueIdentifier>{ec401a84-da71-4202-98b7-9a790dc94a15}</UniqueIdentifier>
    </Filter>
    <Filter Include="Form Files">
      <UniqueIdentifier>{2e61f0f5-a699-41a8-a3d8-7ffebe941cac}</UniqueIdentifier>
    </Filter>
  </ItemGroup>
  <ItemGroup>
    <QtRcc Include="KursProject.qrc">
      <Filter>Resource Files</Filter>
    </QtRcc>
    <QtMoc Include="mainwindow.h">
      <Filter>Header Files</Filter>
    </QtMoc>
    <ClCompile Include="mainwindow.cpp">
      <Filter>Source Files</Filter>
    </ClCompile>
  </ItemGroup>
  <ItemGroup>
    <ClCompile Include="main.cpp">
      <Filter>Source Files</Filter>
    </ClCompile>
    <ClCompile Include="AddClientDialog.cpp">
      <Filter>Source Files\Forms</Filter>
    </ClCompile>
    <ClCompile Include="DeleteConsultationDialog.cpp">
      <Filter>Source Files\Forms</Filter>
    </ClCompile>
    <ClCompile Include="AddConsultationDialog.cpp">
      <Filter>Source Files\Forms</Filter>
    </ClCompile>
    <ClCompile Include="ReportDialog.cpp">
      <Filter>Source Files</Filter>
    </ClCompile>
    <ClCompile Include="DeleteClientDialog.cpp">
      <Filter>Source Files\Forms</Filter>
    </ClCompile>
  </ItemGroup>
  <ItemGroup>
    <ClInclude Include="DataManager.h">
      <Filter>Header Files</Filter>
    </ClInclude>
    <ClInclude Include="AVLTree.h">
      <Filter>Header Files\Data Structures</Filter>
    </ClInclude>
    <ClInclude Include="HashTable.h">
      <Filter>Header Files\Data Structures</Filter>
    </ClInclude>
    <ClInclude Include="LinkedList.h">
      <Filter>Header Files\Data Structures</Filter>
    </ClInclude>
  </ItemGroup>
  <ItemGroup>
    <QtMoc Include="AddClientDialog.h">
      <Filter>Header Files\Forms</Filter>
    </QtMoc>
    <QtMoc Include="DeleteClientDialog.h">
      <Filter>Header Files\Forms</Filter>
    </QtMoc>
    <QtMoc Include="AddConsultationDialog.h">
      <Filter>Header Files\Forms</Filter>
    </QtMoc>
    <QtMoc Include="DeleteConsultationDialog.h">
      <Filter>Header Files\Forms</Filter>
    </QtMoc>
    <QtMoc Include="ReportDialog.h">
      <Filter>Header Files</Filter>
    </QtMoc>
  </ItemGroup>
  <ItemGroup>
    <Image Include="D:\Загрузки\logo.png">
      <Filter>Resource Files\Icons</Filter>
    </Image>
  </ItemGroup>
  <ItemGroup>
    <Text Include="clients.txt">
      <Filter>Resource Files\Input/Output</Filter>
    </Text>
    <Text Include="consultations.txt">
      <Filter>Resource Files\Input/Output</Filter>
    </Text>
  </ItemGroup>
  <ItemGroup>
    <QtUic Include="KursProject.ui">
      <Filter>Form Files</Filter>
    </QtUic>
  </ItemGroup>
</Project>